
Microsoft Visual Studio Solution File, Format Version 12.00
Project("{2150E333-8FDC-42A3-9474-1A3956D46DE8}") = "Session02", "Session02", "{EFA2613D-4390-4412-B390-3B55B1DD80C0}"
EndProject
Project("{2150E333-8FDC-42A3-9474-1A3956D46DE8}") = "Session03", "Session03", "{7F84A10B-9CEA-4846-8939-1A4702D685D1}"
EndProject
Project("{FAE04EC0-301F-11D3-BF4B-00C04F79EFBC}") = "Exercises", "Exercises\Exercises.csproj", "{B2217A6C-5E47-483D-86CC-A46441882E34}"
EndProject
Project("{FAE04EC0-301F-11D3-BF4B-00C04F79EFBC}") = "Exercises3", "Exercises3\Exercises3.csproj", "{DF892E0D-39FB-49D6-B049-F12C52DB4D5E}"
EndProject
Project("{2150E333-8FDC-42A3-9474-1A3956D46DE8}") = "Session04", "Session04", "{5D8DE2EF-8709-4C13-A54E-9D78507CD0B7}"
EndProject
Project("{FAE04EC0-301F-11D3-BF4B-00C04F79EFBC}") = "4.04", "4.04\4.04.csproj", "{74C4E618-985B-43B4-A8DA-AFD34C22FF50}"
EndProject
Project("{FAE04EC0-301F-11D3-BF4B-00C04F79EFBC}") = "4.05", "4.05\4.05.csproj", "{AF6D18FF-7832-47A7-B3F7-6C2F02756027}"
EndProject
Project("{FAE04EC0-301F-11D3-BF4B-00C04F79EFBC}") = "4.06", "4.06\4.06.csproj", "{0440DEF2-2895-4809-A2DC-FF6EE679CFD2}"
EndProject
Project("{FAE04EC0-301F-11D3-BF4B-00C04F79EFBC}") = "4.07", "4.07\4.07.csproj", "{BE2B2DB3-6EFD-4BE1-824D-94AC6289FF25}"
EndProject
Project("{FAE04EC0-301F-11D3-BF4B-00C04F79EFBC}") = "4.08", "4.08\4.08.csproj", "{3EABA67B-21F1-4FA3-B7F0-2C57A2426829}"
EndProject
Project("{FAE04EC0-301F-11D3-BF4B-00C04F79EFBC}") = "4.09", "4.09\4.09.csproj", "{3AAC8F2A-798B-40FC-BB85-762FA63820E5}"
EndProject
Project("{FAE04EC0-301F-11D3-BF4B-00C04F79EFBC}") = "4.10", "4.10\4.10.csproj", "{7C8BCD53-BCE0-4E2B-A018-618B72F9F800}"
EndProject
Project("{FAE04EC0-301F-11D3-BF4B-00C04F79EFBC}") = "4.11", "4.11\4.11.csproj", "{59CBCAD4-8D1C-4643-B6AF-B4E9E035D991}"
EndProject
Global
	GlobalSection(SolutionConfigurationPlatforms) = preSolution
		Debug|Any CPU = Debug|Any CPU
		Release|Any CPU = Release|Any CPU
	EndGlobalSection
	GlobalSection(ProjectConfigurationPlatforms) = postSolution
		{B2217A6C-5E47-483D-86CC-A46441882E34}.Debug|Any CPU.ActiveCfg = Debug|Any CPU
		{B2217A6C-5E47-483D-86CC-A46441882E34}.Debug|Any CPU.Build.0 = Debug|Any CPU
		{B2217A6C-5E47-483D-86CC-A46441882E34}.Release|Any CPU.ActiveCfg = Release|Any CPU
		{B2217A6C-5E47-483D-86CC-A46441882E34}.Release|Any CPU.Build.0 = Release|Any CPU
		{DF892E0D-39FB-49D6-B049-F12C52DB4D5E}.Debug|Any CPU.ActiveCfg = Debug|Any CPU
		{DF892E0D-39FB-49D6-B049-F12C52DB4D5E}.Debug|Any CPU.Build.0 = Debug|Any CPU
		{DF892E0D-39FB-49D6-B049-F12C52DB4D5E}.Release|Any CPU.ActiveCfg = Release|Any CPU
		{DF892E0D-39FB-49D6-B049-F12C52DB4D5E}.Release|Any CPU.Build.0 = Release|Any CPU
		{74C4E618-985B-43B4-A8DA-AFD34C22FF50}.Debug|Any CPU.ActiveCfg = Debug|Any CPU
		{74C4E618-985B-43B4-A8DA-AFD34C22FF50}.Debug|Any CPU.Build.0 = Debug|Any CPU
		{74C4E618-985B-43B4-A8DA-AFD34C22FF50}.Release|Any CPU.ActiveCfg = Release|Any CPU
		{74C4E618-985B-43B4-A8DA-AFD34C22FF50}.Release|Any CPU.Build.0 = Release|Any CPU
		{AF6D18FF-7832-47A7-B3F7-6C2F02756027}.Debug|Any CPU.ActiveCfg = Debug|Any CPU
		{AF6D18FF-7832-47A7-B3F7-6C2F02756027}.Debug|Any CPU.Build.0 = Debug|Any CPU
		{AF6D18FF-7832-47A7-B3F7-6C2F02756027}.Release|Any CPU.ActiveCfg = Release|Any CPU
		{AF6D18FF-7832-47A7-B3F7-6C2F02756027}.Release|Any CPU.Build.0 = Release|Any CPU
		{0440DEF2-2895-4809-A2DC-FF6EE679CFD2}.Debug|Any CPU.ActiveCfg = Debug|Any CPU
		{0440DEF2-2895-4809-A2DC-FF6EE679CFD2}.Debug|Any CPU.Build.0 = Debug|Any CPU
		{0440DEF2-2895-4809-A2DC-FF6EE679CFD2}.Release|Any CPU.ActiveCfg = Release|Any CPU
		{0440DEF2-2895-4809-A2DC-FF6EE679CFD2}.Release|Any CPU.Build.0 = Release|Any CPU
		{BE2B2DB3-6EFD-4BE1-824D-94AC6289FF25}.Debug|Any CPU.ActiveCfg = Debug|Any CPU
		{BE2B2DB3-6EFD-4BE1-824D-94AC6289FF25}.Debug|Any CPU.Build.0 = Debug|Any CPU
		{BE2B2DB3-6EFD-4BE1-824D-94AC6289FF25}.Release|Any CPU.ActiveCfg = Release|Any CPU
		{BE2B2DB3-6EFD-4BE1-824D-94AC6289FF25}.Release|Any CPU.Build.0 = Release|Any CPU
		{3EABA67B-21F1-4FA3-B7F0-2C57A2426829}.Debug|Any CPU.ActiveCfg = Debug|Any CPU
		{3EABA67B-21F1-4FA3-B7F0-2C57A2426829}.Debug|Any CPU.Build.0 = Debug|Any CPU
		{3EABA67B-21F1-4FA3-B7F0-2C57A2426829}.Release|Any CPU.ActiveCfg = Release|Any CPU
		{3EABA67B-21F1-4FA3-B7F0-2C57A2426829}.Release|Any CPU.Build.0 = Release|Any CPU
		{3AAC8F2A-798B-40FC-BB85-762FA63820E5}.Debug|Any CPU.ActiveCfg = Debug|Any CPU
		{3AAC8F2A-798B-40FC-BB85-762FA63820E5}.Debug|Any CPU.Build.0 = Debug|Any CPU
		{3AAC8F2A-798B-40FC-BB85-762FA63820E5}.Release|Any CPU.ActiveCfg = Release|Any CPU
		{3AAC8F2A-798B-40FC-BB85-762FA63820E5}.Release|Any CPU.Build.0 = Release|Any CPU
		{7C8BCD53-BCE0-4E2B-A018-618B72F9F800}.Debug|Any CPU.ActiveCfg = Debug|Any CPU
		{7C8BCD53-BCE0-4E2B-A018-618B72F9F800}.Debug|Any CPU.Build.0 = Debug|Any CPU
		{7C8BCD53-BCE0-4E2B-A018-618B72F9F800}.Release|Any CPU.ActiveCfg = Release|Any CPU
		{7C8BCD53-BCE0-4E2B-A018-618B72F9F800}.Release|Any CPU.Build.0 = Release|Any CPU
		{59CBCAD4-8D1C-4643-B6AF-B4E9E035D991}.Debug|Any CPU.ActiveCfg = Debug|Any CPU
		{59CBCAD4-8D1C-4643-B6AF-B4E9E035D991}.Debug|Any CPU.Build.0 = Debug|Any CPU
		{59CBCAD4-8D1C-4643-B6AF-B4E9E035D991}.Release|Any CPU.ActiveCfg = Release|Any CPU
		{59CBCAD4-8D1C-4643-B6AF-B4E9E035D991}.Release|Any CPU.Build.0 = Release|Any CPU
	EndGlobalSection
	GlobalSection(NestedProjects) = preSolution
		{B2217A6C-5E47-483D-86CC-A46441882E34} = {EFA2613D-4390-4412-B390-3B55B1DD80C0}
		{DF892E0D-39FB-49D6-B049-F12C52DB4D5E} = {7F84A10B-9CEA-4846-8939-1A4702D685D1}
		{74C4E618-985B-43B4-A8DA-AFD34C22FF50} = {5D8DE2EF-8709-4C13-A54E-9D78507CD0B7}
		{AF6D18FF-7832-47A7-B3F7-6C2F02756027} = {5D8DE2EF-8709-4C13-A54E-9D78507CD0B7}
		{0440DEF2-2895-4809-A2DC-FF6EE679CFD2} = {5D8DE2EF-8709-4C13-A54E-9D78507CD0B7}
		{BE2B2DB3-6EFD-4BE1-824D-94AC6289FF25} = {5D8DE2EF-8709-4C13-A54E-9D78507CD0B7}
		{3EABA67B-21F1-4FA3-B7F0-2C57A2426829} = {5D8DE2EF-8709-4C13-A54E-9D78507CD0B7}
		{3AAC8F2A-798B-40FC-BB85-762FA63820E5} = {5D8DE2EF-8709-4C13-A54E-9D78507CD0B7}
		{7C8BCD53-BCE0-4E2B-A018-618B72F9F800} = {5D8DE2EF-8709-4C13-A54E-9D78507CD0B7}
		{59CBCAD4-8D1C-4643-B6AF-B4E9E035D991} = {5D8DE2EF-8709-4C13-A54E-9D78507CD0B7}
	EndGlobalSection
EndGlobal
