
Microsoft Visual Studio Solution File, Format Version 12.00
Project("{2150E333-8FDC-42A3-9474-1A3956D46DE8}") = "Session02", "Session02", "{EFA2613D-4390-4412-B390-3B55B1DD80C0}"
EndProject
Project("{FAE04EC0-301F-11D3-BF4B-00C04F79EFBC}") = "2.1", "2.1\2.1.csproj", "{3E899A87-DE0D-4AA6-B06B-B1059648B4CC}"
EndProject
Project("{FAE04EC0-301F-11D3-BF4B-00C04F79EFBC}") = "2.2", "2.2\2.2.csproj", "{D6063825-923F-4524-AD29-EFCB87C8EE1C}"
EndProject
Project("{FAE04EC0-301F-11D3-BF4B-00C04F79EFBC}") = "2.3", "2.3\2.3.csproj", "{FF8C1A02-AE95-4C37-A49B-A206C06DAE41}"
EndProject
Project("{FAE04EC0-301F-11D3-BF4B-00C04F79EFBC}") = "2.4", "2.4\2.4.csproj", "{9E057E68-EC63-4904-B588-C835B76E10FB}"
EndProject
Project("{FAE04EC0-301F-11D3-BF4B-00C04F79EFBC}") = "2.5", "2.5\2.5.csproj", "{F88A40E8-EB20-403B-9175-70F91C533872}"
EndProject
Project("{FAE04EC0-301F-11D3-BF4B-00C04F79EFBC}") = "2.6", "2.6\2.6.csproj", "{DD79AEFF-3D9F-4350-B2A1-086E1AF1B6ED}"
EndProject
Project("{FAE04EC0-301F-11D3-BF4B-00C04F79EFBC}") = "2.7", "2.7\2.7.csproj", "{A443FC2E-0022-4608-976E-FF0C31050004}"
EndProject
Project("{FAE04EC0-301F-11D3-BF4B-00C04F79EFBC}") = "2.8", "2.8\2.8.csproj", "{6A57FD9A-1927-47C2-BE41-DBC826F24A76}"
EndProject
Project("{FAE04EC0-301F-11D3-BF4B-00C04F79EFBC}") = "2.10", "2.10\2.10.csproj", "{B6B379F3-6887-4C10-B1F6-7CFF627F8323}"
EndProject
Project("{FAE04EC0-301F-11D3-BF4B-00C04F79EFBC}") = "2.11", "2.11\2.11.csproj", "{668A08CA-33BB-445A-ACE1-963F719A6695}"
EndProject
Project("{FAE04EC0-301F-11D3-BF4B-00C04F79EFBC}") = "2.12", "2.12\2.12.csproj", "{583F34B2-1F61-4B4B-8522-C7406BD4B3DF}"
EndProject
Global
	GlobalSection(SolutionConfigurationPlatforms) = preSolution
		Debug|Any CPU = Debug|Any CPU
		Release|Any CPU = Release|Any CPU
	EndGlobalSection
	GlobalSection(ProjectConfigurationPlatforms) = postSolution
		{3E899A87-DE0D-4AA6-B06B-B1059648B4CC}.Debug|Any CPU.ActiveCfg = Debug|Any CPU
		{3E899A87-DE0D-4AA6-B06B-B1059648B4CC}.Debug|Any CPU.Build.0 = Debug|Any CPU
		{3E899A87-DE0D-4AA6-B06B-B1059648B4CC}.Release|Any CPU.ActiveCfg = Release|Any CPU
		{3E899A87-DE0D-4AA6-B06B-B1059648B4CC}.Release|Any CPU.Build.0 = Release|Any CPU
		{D6063825-923F-4524-AD29-EFCB87C8EE1C}.Debug|Any CPU.ActiveCfg = Debug|Any CPU
		{D6063825-923F-4524-AD29-EFCB87C8EE1C}.Debug|Any CPU.Build.0 = Debug|Any CPU
		{D6063825-923F-4524-AD29-EFCB87C8EE1C}.Release|Any CPU.ActiveCfg = Release|Any CPU
		{D6063825-923F-4524-AD29-EFCB87C8EE1C}.Release|Any CPU.Build.0 = Release|Any CPU
		{FF8C1A02-AE95-4C37-A49B-A206C06DAE41}.Debug|Any CPU.ActiveCfg = Debug|Any CPU
		{FF8C1A02-AE95-4C37-A49B-A206C06DAE41}.Debug|Any CPU.Build.0 = Debug|Any CPU
		{FF8C1A02-AE95-4C37-A49B-A206C06DAE41}.Release|Any CPU.ActiveCfg = Release|Any CPU
		{FF8C1A02-AE95-4C37-A49B-A206C06DAE41}.Release|Any CPU.Build.0 = Release|Any CPU
		{9E057E68-EC63-4904-B588-C835B76E10FB}.Debug|Any CPU.ActiveCfg = Debug|Any CPU
		{9E057E68-EC63-4904-B588-C835B76E10FB}.Debug|Any CPU.Build.0 = Debug|Any CPU
		{9E057E68-EC63-4904-B588-C835B76E10FB}.Release|Any CPU.ActiveCfg = Release|Any CPU
		{9E057E68-EC63-4904-B588-C835B76E10FB}.Release|Any CPU.Build.0 = Release|Any CPU
		{F88A40E8-EB20-403B-9175-70F91C533872}.Debug|Any CPU.ActiveCfg = Debug|Any CPU
		{F88A40E8-EB20-403B-9175-70F91C533872}.Debug|Any CPU.Build.0 = Debug|Any CPU
		{F88A40E8-EB20-403B-9175-70F91C533872}.Release|Any CPU.ActiveCfg = Release|Any CPU
		{F88A40E8-EB20-403B-9175-70F91C533872}.Release|Any CPU.Build.0 = Release|Any CPU
		{DD79AEFF-3D9F-4350-B2A1-086E1AF1B6ED}.Debug|Any CPU.ActiveCfg = Debug|Any CPU
		{DD79AEFF-3D9F-4350-B2A1-086E1AF1B6ED}.Debug|Any CPU.Build.0 = Debug|Any CPU
		{DD79AEFF-3D9F-4350-B2A1-086E1AF1B6ED}.Release|Any CPU.ActiveCfg = Release|Any CPU
		{DD79AEFF-3D9F-4350-B2A1-086E1AF1B6ED}.Release|Any CPU.Build.0 = Release|Any CPU
		{A443FC2E-0022-4608-976E-FF0C31050004}.Debug|Any CPU.ActiveCfg = Debug|Any CPU
		{A443FC2E-0022-4608-976E-FF0C31050004}.Debug|Any CPU.Build.0 = Debug|Any CPU
		{A443FC2E-0022-4608-976E-FF0C31050004}.Release|Any CPU.ActiveCfg = Release|Any CPU
		{A443FC2E-0022-4608-976E-FF0C31050004}.Release|Any CPU.Build.0 = Release|Any CPU
		{6A57FD9A-1927-47C2-BE41-DBC826F24A76}.Debug|Any CPU.ActiveCfg = Debug|Any CPU
		{6A57FD9A-1927-47C2-BE41-DBC826F24A76}.Debug|Any CPU.Build.0 = Debug|Any CPU
		{6A57FD9A-1927-47C2-BE41-DBC826F24A76}.Release|Any CPU.ActiveCfg = Release|Any CPU
		{6A57FD9A-1927-47C2-BE41-DBC826F24A76}.Release|Any CPU.Build.0 = Release|Any CPU
		{B6B379F3-6887-4C10-B1F6-7CFF627F8323}.Debug|Any CPU.ActiveCfg = Debug|Any CPU
		{B6B379F3-6887-4C10-B1F6-7CFF627F8323}.Debug|Any CPU.Build.0 = Debug|Any CPU
		{B6B379F3-6887-4C10-B1F6-7CFF627F8323}.Release|Any CPU.ActiveCfg = Release|Any CPU
		{B6B379F3-6887-4C10-B1F6-7CFF627F8323}.Release|Any CPU.Build.0 = Release|Any CPU
		{668A08CA-33BB-445A-ACE1-963F719A6695}.Debug|Any CPU.ActiveCfg = Debug|Any CPU
		{668A08CA-33BB-445A-ACE1-963F719A6695}.Debug|Any CPU.Build.0 = Debug|Any CPU
		{668A08CA-33BB-445A-ACE1-963F719A6695}.Release|Any CPU.ActiveCfg = Release|Any CPU
		{668A08CA-33BB-445A-ACE1-963F719A6695}.Release|Any CPU.Build.0 = Release|Any CPU
		{583F34B2-1F61-4B4B-8522-C7406BD4B3DF}.Debug|Any CPU.ActiveCfg = Debug|Any CPU
		{583F34B2-1F61-4B4B-8522-C7406BD4B3DF}.Debug|Any CPU.Build.0 = Debug|Any CPU
		{583F34B2-1F61-4B4B-8522-C7406BD4B3DF}.Release|Any CPU.ActiveCfg = Release|Any CPU
		{583F34B2-1F61-4B4B-8522-C7406BD4B3DF}.Release|Any CPU.Build.0 = Release|Any CPU
	EndGlobalSection
	GlobalSection(NestedProjects) = preSolution
		{3E899A87-DE0D-4AA6-B06B-B1059648B4CC} = {EFA2613D-4390-4412-B390-3B55B1DD80C0}
		{D6063825-923F-4524-AD29-EFCB87C8EE1C} = {EFA2613D-4390-4412-B390-3B55B1DD80C0}
		{FF8C1A02-AE95-4C37-A49B-A206C06DAE41} = {EFA2613D-4390-4412-B390-3B55B1DD80C0}
		{9E057E68-EC63-4904-B588-C835B76E10FB} = {EFA2613D-4390-4412-B390-3B55B1DD80C0}
		{F88A40E8-EB20-403B-9175-70F91C533872} = {EFA2613D-4390-4412-B390-3B55B1DD80C0}
		{DD79AEFF-3D9F-4350-B2A1-086E1AF1B6ED} = {EFA2613D-4390-4412-B390-3B55B1DD80C0}
		{A443FC2E-0022-4608-976E-FF0C31050004} = {EFA2613D-4390-4412-B390-3B55B1DD80C0}
		{6A57FD9A-1927-47C2-BE41-DBC826F24A76} = {EFA2613D-4390-4412-B390-3B55B1DD80C0}
		{B6B379F3-6887-4C10-B1F6-7CFF627F8323} = {EFA2613D-4390-4412-B390-3B55B1DD80C0}
		{668A08CA-33BB-445A-ACE1-963F719A6695} = {EFA2613D-4390-4412-B390-3B55B1DD80C0}
		{583F34B2-1F61-4B4B-8522-C7406BD4B3DF} = {EFA2613D-4390-4412-B390-3B55B1DD80C0}
	EndGlobalSection
EndGlobal
